{
  "version": "3",
  "redirects": {
    "https://deno.land/std/uuid/mod.ts": "https://deno.land/std@0.202.0/uuid/mod.ts",
    "https://deno.land/x/encodeurl/mod.ts": "https://deno.land/x/encodeurl@1.0.0/mod.ts",
    "https://deno.land/x/exec/mod.ts": "https://deno.land/x/exec@0.0.5/mod.ts"
  },
  "remote": {
    "https://deno.land/std@0.202.0/assert/assert.ts": "9a97dad6d98c238938e7540736b826440ad8c1c1e54430ca4c4e623e585607ee",
    "https://deno.land/std@0.202.0/assert/assertion_error.ts": "4d0bde9b374dfbcbe8ac23f54f567b77024fb67dbb1906a852d67fe050d42f56",
    "https://deno.land/std@0.202.0/bytes/bytes_list.ts": "ecf5098c230b793970f43c06e8f30d70b937c031658365aeb3de9a8ae4d406a3",
    "https://deno.land/std@0.202.0/bytes/concat.ts": "d26d6f3d7922e6d663dacfcd357563b7bf4a380ce5b9c2bbe0c8586662f25ce2",
    "https://deno.land/std@0.202.0/bytes/copy.ts": "939d89e302a9761dcf1d9c937c7711174ed74c59eef40a1e4569a05c9de88219",
    "https://deno.land/std@0.202.0/crypto/_fnv/fnv32.ts": "e4649dfdefc5c987ed53c3c25db62db771a06d9d1b9c36d2b5cf0853b8e82153",
    "https://deno.land/std@0.202.0/crypto/_fnv/fnv64.ts": "bfa0e4702061fdb490a14e6bf5f9168a22fb022b307c5723499469bfefca555e",
    "https://deno.land/std@0.202.0/crypto/_fnv/mod.ts": "f956a95f58910f223e420340b7404702ecd429603acd4491fa77af84f746040c",
    "https://deno.land/std@0.202.0/crypto/_fnv/util.ts": "accba12bfd80a352e32a872f87df2a195e75561f1b1304a4cb4f5a4648d288f9",
    "https://deno.land/std@0.202.0/crypto/_wasm/lib/deno_std_wasm_crypto.generated.mjs": "85b50eee2e511584698c04f1d84155e57452ea963106fee64987c326e9e5d25d",
    "https://deno.land/std@0.202.0/crypto/_wasm/mod.ts": "973058e70052c98292b567d1c8396dffc28d6dfc6a44f0763032f6fbdf5222f5",
    "https://deno.land/std@0.202.0/crypto/crypto.ts": "c1fac13f11e5150e7690a4d6f09bc09b39d0a13fc5cf129f13617656fea7379e",
    "https://deno.land/std@0.202.0/crypto/timing_safe_equal.ts": "f6edc08d702f660b1ab3505b74d53a9d499e34a1351f6ab70f5ce8653fee8fb7",
    "https://deno.land/std@0.202.0/io/buf_reader.ts": "0bd8ad26255945b5f418940db23db03bee0c160dbb5ae4627e2c0be3b361df6a",
    "https://deno.land/std@0.202.0/io/buf_writer.ts": "48c33c8f00b61dcbc7958706741cec8e59810bd307bc6a326cbd474fe8346dfd",
    "https://deno.land/std@0.202.0/io/buffer.ts": "4d6883daeb2e698579c4064170515683d69f40f3de019bfe46c5cf31e74ae793",
    "https://deno.land/std@0.202.0/io/copy_n.ts": "c055296297b9d4897d90d1ac056b072dc02614e60c67f438e23fbce052ea4c69",
    "https://deno.land/std@0.202.0/io/limited_reader.ts": "1976bb087e6aab06ebd6bd511bc801da9afeda31dbee2353dfd6ec44f1402324",
    "https://deno.land/std@0.202.0/io/mod.ts": "2665bcccc1fd6e8627cca167c3e92aaecbd9897556b6f69e6d258070ef63fd9b",
    "https://deno.land/std@0.202.0/io/multi_reader.ts": "9c2a0a31686c44b277e16da1d97b4686a986edcee48409b84be25eedbc39b271",
    "https://deno.land/std@0.202.0/io/read_delim.ts": "f3aac4e09b14cbe397612e7d490f1a043edfad18865ad0b277eb144157f676fc",
    "https://deno.land/std@0.202.0/io/read_int.ts": "7cb8bcdfaf1107586c3bacc583d11c64c060196cb070bb13ae8c2061404f911f",
    "https://deno.land/std@0.202.0/io/read_lines.ts": "c526c12a20a9386dc910d500f9cdea43cba974e853397790bd146817a7eef8cc",
    "https://deno.land/std@0.202.0/io/read_long.ts": "f0aaa420e3da1261c5d33c5e729f09922f3d9fa49f046258d4ff7a00d800c71e",
    "https://deno.land/std@0.202.0/io/read_range.ts": "46a2263d0f8369b6d9abb0b25d99ceb65ff08d621fc57bcc53832e6979295043",
    "https://deno.land/std@0.202.0/io/read_short.ts": "805cb329574b850b84bf14a92c052c59b5977a492cd780c41df8ad40826c1a20",
    "https://deno.land/std@0.202.0/io/read_string_delim.ts": "5dc9f53bdf78e7d4ee1e56b9b60352238ab236a71c3e3b2a713c3d78472a53ce",
    "https://deno.land/std@0.202.0/io/slice_long_to_bytes.ts": "48d9bace92684e880e46aa4a2520fc3867f9d7ce212055f76ecc11b22f9644b7",
    "https://deno.land/std@0.202.0/io/string_reader.ts": "da0f68251b3d5b5112485dfd4d1b1936135c9b4d921182a7edaf47f74c25cc8f",
    "https://deno.land/std@0.202.0/io/string_writer.ts": "8a03c5858c24965a54c6538bed15f32a7c72f5704a12bda56f83a40e28e5433e",
    "https://deno.land/std@0.202.0/uuid/_common.ts": "cb1441f4df460571fc0919e1c5c217f3e7006189b703caf946604b3f791ae34d",
    "https://deno.land/std@0.202.0/uuid/constants.ts": "0d0e95561343da44adb4a4edbc1f04cef48b0d75288c4d1704f58743f4a50d88",
    "https://deno.land/std@0.202.0/uuid/mod.ts": "5c7ca252dddba1ddf0bca2dc1124328245272650c98251d71996bb9cd8f5a386",
    "https://deno.land/std@0.202.0/uuid/v1.ts": "fe36009afce7ced96e1b5928565e12c5a8eb0df1a2b5063c0a72bda6b75c0de5",
    "https://deno.land/std@0.202.0/uuid/v3.ts": "49bd2a5cd19f043c88777a8daeaa453f96cc586129af78863aa34dadf27d5fd0",
    "https://deno.land/std@0.202.0/uuid/v4.ts": "0f081880c156fd59b9e44e2f84ea0f94a3627e89c224eaf6cc982b53d849f37e",
    "https://deno.land/std@0.202.0/uuid/v5.ts": "a102f716fc8d31b7e7e4376b1e7d6a255c39858bda6e5f672a4bb3cbd67405d0",
    "https://deno.land/x/encodeurl@1.0.0/mod.ts": "b797af240fd3c4b3876b3f32b8c2404601e5503c4a10afa719e54815056685d8",
    "https://deno.land/x/exec@0.0.5/mod.ts": "2a71f7e23e25be883275b22d872bbd2c3dfa3058934f1f156c8663fb81f5894f"
  },
  "workspace": {
    "packageJson": {
      "dependencies": [
        "npm:date-fns@^2.27.0",
        "npm:open@^8.4.0",
        "npm:prettier@^2.8.8"
      ]
    }
  }
}
